
Microsoft Visual Studio Solution File, Format Version 12.00
# Visual Studio Version 17
VisualStudioVersion = 17.9.34723.18
MinimumVisualStudioVersion = 10.0.40219.1
Project("{FAE04EC0-301F-11D3-BF4B-00C04F79EFBC}") = "calcul", "calcul\calcul.csproj", "{4743309B-77E7-404D-8510-C3A4F1D3EDF2}"
EndProject
Global
	GlobalSection(SolutionConfigurationPlatforms) = preSolution
		Debug|Any CPU = Debug|Any CPU
		Release|Any CPU = Release|Any CPU
	EndGlobalSection
	GlobalSection(ProjectConfigurationPlatforms) = postSolution
		{4743309B-77E7-404D-8510-C3A4F1D3EDF2}.Debug|Any CPU.ActiveCfg = Debug|Any CPU
		{4743309B-77E7-404D-8510-C3A4F1D3EDF2}.Debug|Any CPU.Build.0 = Debug|Any CPU
		{4743309B-77E7-404D-8510-C3A4F1D3EDF2}.Release|Any CPU.ActiveCfg = Release|Any CPU
		{4743309B-77E7-404D-8510-C3A4F1D3EDF2}.Release|Any CPU.Build.0 = Release|Any CPU
	EndGlobalSection
	GlobalSection(SolutionProperties) = preSolution
		HideSolutionNode = FALSE
	EndGlobalSection
	GlobalSection(ExtensibilityGlobals) = postSolution
		SolutionGuid = {100A6432-3A39-453E-8867-37F6CE237367}
	EndGlobalSection
EndGlobal
